Microsoft Visual Studio Solution File, Format Version 12.00
# Visual Studio Version 17
VisualStudioVersion = 17.5.2.0
MinimumVisualStudioVersion = 10.0.40219.1
Project("{FAE04EC0-301F-11D3-BF4B-00C04F79EFBC}") = "tech-ville", "tech-ville.csproj", "{8748D34F-D71D-A641-3C2C-3603C7C71102}"
EndProject
Global
	GlobalSection(SolutionConfigurationPlatforms) = preSolution
		Debug|Any CPU = Debug|Any CPU
		Release|Any CPU = Release|Any CPU
	EndGlobalSection
	GlobalSection(ProjectConfigurationPlatforms) = postSolution
		{8748D34F-D71D-A641-3C2C-3603C7C71102}.Debug|Any CPU.ActiveCfg = Debug|Any CPU
		{8748D34F-D71D-A641-3C2C-3603C7C71102}.Debug|Any CPU.Build.0 = Debug|Any CPU
		{8748D34F-D71D-A641-3C2C-3603C7C71102}.Release|Any CPU.ActiveCfg = Release|Any CPU
		{8748D34F-D71D-A641-3C2C-3603C7C71102}.Release|Any CPU.Build.0 = Release|Any CPU
	EndGlobalSection
	GlobalSection(SolutionProperties) = preSolution
		HideSolutionNode = FALSE
	EndGlobalSection
	GlobalSection(ExtensibilityGlobals) = postSolution
		SolutionGuid = {14B41FFC-4D0E-4C64-BD10-F35304FF6071}
	EndGlobalSection
EndGlobal
